
Microsoft Visual Studio Solution File, Format Version 12.00
# Visual Studio Version 16
VisualStudioVersion = 16.0.32228.343
MinimumVisualStudioVersion = 10.0.40219.1
Project("{E24C65DC-7377-472B-9ABA-BC803B73C61A}") = "dbProject2", ".", "{D8E0DBE5-8C19-4B2B-82AE-DA5E18B2FE44}"
	ProjectSection(WebsiteProperties) = preProject
		TargetFrameworkMoniker = ".NETFramework,Version%3Dv4.7.2"
		Debug.AspNetCompiler.VirtualPath = "/localhost_61466"
		Debug.AspNetCompiler.PhysicalPath = "..\dbProject2\"
		Debug.AspNetCompiler.TargetPath = "PrecompiledWeb\localhost_61466\"
		Debug.AspNetCompiler.Updateable = "true"
		Debug.AspNetCompiler.ForceOverwrite = "true"
		Debug.AspNetCompiler.FixedNames = "false"
		Debug.AspNetCompiler.Debug = "True"
		Release.AspNetCompiler.VirtualPath = "/localhost_61466"
		Release.AspNetCompiler.PhysicalPath = "..\dbProject2\"
		Release.AspNetCompiler.TargetPath = "PrecompiledWeb\localhost_61466\"
		Release.AspNetCompiler.Updateable = "true"
		Release.AspNetCompiler.ForceOverwrite = "true"
		Release.AspNetCompiler.FixedNames = "false"
		Release.AspNetCompiler.Debug = "False"
		VWDPort = "61466"
		SlnRelativePath = "..\dbProject2\"
		DefaultWebSiteLanguage = "Visual C#"
	EndProjectSection
EndProject
Global
	GlobalSection(SolutionConfigurationPlatforms) = preSolution
		Debug|Any CPU = Debug|Any CPU
	EndGlobalSection
	GlobalSection(ProjectConfigurationPlatforms) = postSolution
		{D8E0DBE5-8C19-4B2B-82AE-DA5E18B2FE44}.Debug|Any CPU.ActiveCfg = Debug|Any CPU
		{D8E0DBE5-8C19-4B2B-82AE-DA5E18B2FE44}.Debug|Any CPU.Build.0 = Debug|Any CPU
	EndGlobalSection
	GlobalSection(SolutionProperties) = preSolution
		HideSolutionNode = FALSE
	EndGlobalSection
	GlobalSection(ExtensibilityGlobals) = postSolution
		SolutionGuid = {BD846C60-D2C5-48CF-8DA5-46A637E9C8DE}
	EndGlobalSection
EndGlobal
